{
  "version": 4,
  "terraform_version": "0.12.26",
  "serial": 27,
  "lineage": "cb1facb5-48b7-7417-1a95-0c917fa40a3d",
  "outputs": {
    "external_ip_address_app": {
      "value": "51.250.1.224",
      "type": "string"
    }
  },
  "resources": [
    {
      "mode": "managed",
      "type": "yandex_compute_instance",
      "name": "app",
      "provider": "provider.yandex",
      "instances": [
        {
          "schema_version": 1,
          "attributes": {
            "allow_stopping_for_update": null,
            "boot_disk": [
              {
                "auto_delete": true,
                "device_name": "fhm3bv6aikeckm7tan6i",
                "disk_id": "fhm3bv6aikeckm7tan6i",
                "initialize_params": [
                  {
                    "description": "",
                    "image_id": "fd8h0307vdvaiuncudbo",
                    "name": "",
                    "size": 10,
                    "snapshot_id": "",
                    "type": "network-hdd"
                  }
                ],
                "mode": "READ_WRITE"
              }
            ],
            "created_at": "2021-11-11T08:52:29Z",
            "description": "",
            "folder_id": "b1gk972uam08fn7uv33e",
            "fqdn": "fhm126vbj1ottvijakhp.auto.internal",
            "hostname": "fhm126vbj1ottvijakhp",
            "id": "fhm126vbj1ottvijakhp",
            "labels": null,
            "metadata": {
              "ssh-keys": "ubuntu:ssh-rsa AAAAB3NzaC1yc2EAAAADAQABAAABgQDYETNPkAMyEgwd27a9T3UibHCs+wvFoK1DtkUnMtgv8CSqmnof3MHHVANFrJyT26G4WZQYh9a88Yc5lBrMTkaijGBqFGSAI7767ek7DxxkeHs0Jd81YnzZ1duIFExoOOVpAAHReqL73ZA2pkZtnLBQk1P4VBPl7ijfMTHh98Tj7RKKRgFEVEHwZK/omuKWpTQd7jFXD+8MW/8iWOqEMQx8kJQ+kEEybeL8hI3JYlEIOZeL2uW5vOJ4sr9Ps+z8K1HMTA78J+vpeGHYlohAlS4iac2JJqrtUOG9RtGpiHgUE83JmYtygJrXn+17bjJIRP+WvCIiDZaZMRUoTKSq7oDZZFZugUQMiA0MMJsjIzR/N/n2hdEIgJi9xVRN7txZmiaRPtU8t/WzYlv/1wpSW25LF/RJMUhxeDc1Ewclea8NOkcU7JVBMMAOd7cAquQJePBm/dqDAG5M/5QQG8jOvRHO1HEWDvbs94is4O+uefVyZzt42PIp+VZvNaFMa+49e9U= appuser\n"
            },
            "name": "reddit-app0",
            "network_acceleration_type": "standard",
            "network_interface": [
              {
                "index": 0,
                "ip_address": "10.128.0.35",
                "ipv6": false,
                "ipv6_address": "",
                "mac_address": "d0:0d:11:1b:eb:98",
                "nat": true,
                "nat_ip_address": "51.250.1.224",
                "nat_ip_version": "IPV4",
                "subnet_id": "e9b08ggehid135lepnt5"
              }
            ],
            "platform_id": "standard-v1",
            "resources": [
              {
                "core_fraction": 100,
                "cores": 2,
                "gpus": 0,
                "memory": 2
              }
            ],
            "scheduling_policy": [
              {
                "preemptible": false
              }
            ],
            "secondary_disk": [],
            "service_account_id": "",
            "status": "running",
            "timeouts": null,
            "zone": "ru-central1-a"
          },
          "private": "eyJlMmJmYjczMC1lY2FhLTExZTYtOGY4OC0zNDM2M2JjN2M0YzAiOnsiY3JlYXRlIjozMDAwMDAwMDAwMDAsImRlbGV0ZSI6MzAwMDAwMDAwMDAwLCJ1cGRhdGUiOjMwMDAwMDAwMDAwMH0sInNjaGVtYV92ZXJzaW9uIjoiMSJ9"
        }
      ]
    }
  ]
}
